
Microsoft Visual Studio Solution File, Format Version 12.00
Project("{2150E333-8FDC-42A3-9474-1A3956D46DE8}") = "src", "src", "{8ED774F4-D429-4B82-B768-50DCA8EFF609}"
EndProject
Project("{2150E333-8FDC-42A3-9474-1A3956D46DE8}") = "tests", "tests", "{792FFE57-F1A0-47A4-9E2A-80F75FF2F8DB}"
EndProject
Project("{FAE04EC0-301F-11D3-BF4B-00C04F79EFBC}") = "Lab1", "src\Lab1\Lab1.csproj", "{EABA4888-E6C1-4ACC-856E-FBD34CEA3EDB}"
EndProject
Project("{FAE04EC0-301F-11D3-BF4B-00C04F79EFBC}") = "Lab1.Tests", "tests\Lab1.Tests\Lab1.Tests.csproj", "{4CA1BCBB-A6F3-4ED0-9E5F-849FF093EDE1}"
EndProject
Project("{2150E333-8FDC-42A3-9474-1A3956D46DE8}") = "common", "common", "{21E20419-0C74-46BC-9D7D-A24CEEC29ACC}"
	ProjectSection(SolutionItems) = preProject
		Directory.Build.props = Directory.Build.props
		Directory.Packages.props = Directory.Packages.props
		.editorconfig = .editorconfig
	EndProjectSection
EndProject
Project("{FAE04EC0-301F-11D3-BF4B-00C04F79EFBC}") = "Lab2", "src\Lab2\Lab2.csproj", "{433B9342-A6BF-4194-8F08-727AADAE7504}"
EndProject
Project("{FAE04EC0-301F-11D3-BF4B-00C04F79EFBC}") = "Lab3", "src\Lab3\Lab3.csproj", "{43B4CD48-18D5-4EDE-80CB-86460F4C64CB}"
EndProject
Project("{FAE04EC0-301F-11D3-BF4B-00C04F79EFBC}") = "Lab4", "src\Lab4\Lab4.csproj", "{A53D3DBD-FA2D-47B4-90A9-B44AF07ADE71}"
EndProject
Project("{2150E333-8FDC-42A3-9474-1A3956D46DE8}") = "Lab5", "Lab5", "{55C309C9-B7DE-4F64-AFDE-A33F9C2AB2D4}"
EndProject
Project("{FAE04EC0-301F-11D3-BF4B-00C04F79EFBC}") = "Lab2.Tests", "tests\Lab2.Tests\Lab2.Tests.csproj", "{25D0E1F0-760B-4E76-B0D9-3EF274B35AF6}"
EndProject
Project("{FAE04EC0-301F-11D3-BF4B-00C04F79EFBC}") = "Lab3.Tests", "tests\Lab3.Tests\Lab3.Tests.csproj", "{7E5E46DB-EF55-47E6-822A-6AE20BF2FCD9}"
EndProject
Project("{FAE04EC0-301F-11D3-BF4B-00C04F79EFBC}") = "Lab4.Tests", "tests\Lab4.Tests\Lab4.Tests.csproj", "{17689E4A-FE4F-4893-8E28-3BA911DEC8D8}"
EndProject
Project("{FAE04EC0-301F-11D3-BF4B-00C04F79EFBC}") = "Lab5.Tests", "tests\Lab5.Tests\Lab5.Tests.csproj", "{FA627A62-AD7A-4A72-B15C-EC8AEFD206DB}"
EndProject
Project("{2150E333-8FDC-42A3-9474-1A3956D46DE8}") = "common", "common", "{BE5C05D8-A65F-49E0-9C63-AE5DD8A3F081}"
EndProject
Project("{2150E333-8FDC-42A3-9474-1A3956D46DE8}") = "docker", "docker", "{1C0E83A7-EDD6-469F-89F9-60DA1E2F846D}"
	ProjectSection(SolutionItems) = preProject
		docker-compose.yaml = docker-compose.yaml
		.env = .env
	EndProjectSection
EndProject
Project("{2150E333-8FDC-42A3-9474-1A3956D46DE8}") = "src", "src", "{7578CCF8-00E0-4A83-8C63-D13F75D99FC4}"
EndProject
Project("{2150E333-8FDC-42A3-9474-1A3956D46DE8}") = "Application", "Application", "{37256C9C-B64B-4322-8CCC-39E4EC9BA4FB}"
EndProject
Project("{2150E333-8FDC-42A3-9474-1A3956D46DE8}") = "Infrastructure", "Infrastructure", "{3F4ACA86-CBB6-4400-BA6E-4EDDA3BEB4E0}"
EndProject
Project("{2150E333-8FDC-42A3-9474-1A3956D46DE8}") = "Presentation", "Presentation", "{5536816B-B722-4B81-B781-EB2FCF7267BF}"
EndProject
Project("{2150E333-8FDC-42A3-9474-1A3956D46DE8}") = "Solution Items", "Solution Items", "{3674A21C-1121-47F6-BA72-572A8CD384A3}"
EndProject
Project("{FAE04EC0-301F-11D3-BF4B-00C04F79EFBC}") = "Lab5Project", "src\Lab5\Lab5Project\Lab5Project.csproj", "{E78B9F06-62B5-4974-A125-565EE1B57453}"
EndProject
Project("{FAE04EC0-301F-11D3-BF4B-00C04F79EFBC}") = "Lab5Project.Application", "src\Lab5\Lab5Project.Application\Lab5Project.Application.csproj", "{978F0373-8AA4-4E5E-AB18-BFA01B3B42D4}"
EndProject
Project("{FAE04EC0-301F-11D3-BF4B-00C04F79EFBC}") = "Lab5Project.Infrastructure", "src\Lab5\Lab5Project.Infrastructure\Lab5Project.Infrastructure.csproj", "{01C31606-2450-47AA-A855-AE2781B9E700}"
EndProject
Project("{FAE04EC0-301F-11D3-BF4B-00C04F79EFBC}") = "Lab5Project.Application.Abstractions", "src\Lab5\Lab5Project.Application.Abstractions\Lab5Project.Application.Abstractions.csproj", "{7651A294-9044-4F36-BF9C-85E1DC9780C6}"
EndProject
Project("{FAE04EC0-301F-11D3-BF4B-00C04F79EFBC}") = "Lab5Project.Application.Contracts", "src\Lab5\Lab5Project.Application.Contracts\Lab5Project.Application.Contracts.csproj", "{790E59F9-EAAC-40F5-9E61-5C4CEAD88C2A}"
EndProject
Project("{FAE04EC0-301F-11D3-BF4B-00C04F79EFBC}") = "Lab5Project.Application.Models", "src\Lab5\Lab5Project.Application.Models\Lab5Project.Application.Models.csproj", "{A7D6D6CA-973A-40D2-85CE-638F6098C30E}"
EndProject
Project("{FAE04EC0-301F-11D3-BF4B-00C04F79EFBC}") = "Lab5Project.Presentation.Console", "src\Lab5\Lab5Project.Presentation.Console\Lab5Project.Presentation.Console.csproj", "{45B2A96A-79D9-4E3B-B4B7-A6F784743A07}"
EndProject
Global
	GlobalSection(SolutionConfigurationPlatforms) = preSolution
		Debug|Any CPU = Debug|Any CPU
		Release|Any CPU = Release|Any CPU
	EndGlobalSection
	GlobalSection(NestedProjects) = preSolution
		{EABA4888-E6C1-4ACC-856E-FBD34CEA3EDB} = {8ED774F4-D429-4B82-B768-50DCA8EFF609}
		{4CA1BCBB-A6F3-4ED0-9E5F-849FF093EDE1} = {792FFE57-F1A0-47A4-9E2A-80F75FF2F8DB}
		{433B9342-A6BF-4194-8F08-727AADAE7504} = {8ED774F4-D429-4B82-B768-50DCA8EFF609}
		{43B4CD48-18D5-4EDE-80CB-86460F4C64CB} = {8ED774F4-D429-4B82-B768-50DCA8EFF609}
		{A53D3DBD-FA2D-47B4-90A9-B44AF07ADE71} = {8ED774F4-D429-4B82-B768-50DCA8EFF609}
		{55C309C9-B7DE-4F64-AFDE-A33F9C2AB2D4} = {8ED774F4-D429-4B82-B768-50DCA8EFF609}
		{25D0E1F0-760B-4E76-B0D9-3EF274B35AF6} = {792FFE57-F1A0-47A4-9E2A-80F75FF2F8DB}
		{7E5E46DB-EF55-47E6-822A-6AE20BF2FCD9} = {792FFE57-F1A0-47A4-9E2A-80F75FF2F8DB}
		{17689E4A-FE4F-4893-8E28-3BA911DEC8D8} = {792FFE57-F1A0-47A4-9E2A-80F75FF2F8DB}
		{FA627A62-AD7A-4A72-B15C-EC8AEFD206DB} = {792FFE57-F1A0-47A4-9E2A-80F75FF2F8DB}
		{BE5C05D8-A65F-49E0-9C63-AE5DD8A3F081} = {55C309C9-B7DE-4F64-AFDE-A33F9C2AB2D4}
		{1C0E83A7-EDD6-469F-89F9-60DA1E2F846D} = {BE5C05D8-A65F-49E0-9C63-AE5DD8A3F081}
		{7578CCF8-00E0-4A83-8C63-D13F75D99FC4} = {55C309C9-B7DE-4F64-AFDE-A33F9C2AB2D4}
		{37256C9C-B64B-4322-8CCC-39E4EC9BA4FB} = {7578CCF8-00E0-4A83-8C63-D13F75D99FC4}
		{3F4ACA86-CBB6-4400-BA6E-4EDDA3BEB4E0} = {7578CCF8-00E0-4A83-8C63-D13F75D99FC4}
		{5536816B-B722-4B81-B781-EB2FCF7267BF} = {7578CCF8-00E0-4A83-8C63-D13F75D99FC4}
		{E78B9F06-62B5-4974-A125-565EE1B57453} = {7578CCF8-00E0-4A83-8C63-D13F75D99FC4}
		{978F0373-8AA4-4E5E-AB18-BFA01B3B42D4} = {37256C9C-B64B-4322-8CCC-39E4EC9BA4FB}
		{01C31606-2450-47AA-A855-AE2781B9E700} = {3F4ACA86-CBB6-4400-BA6E-4EDDA3BEB4E0}
		{7651A294-9044-4F36-BF9C-85E1DC9780C6} = {37256C9C-B64B-4322-8CCC-39E4EC9BA4FB}
		{790E59F9-EAAC-40F5-9E61-5C4CEAD88C2A} = {37256C9C-B64B-4322-8CCC-39E4EC9BA4FB}
		{A7D6D6CA-973A-40D2-85CE-638F6098C30E} = {37256C9C-B64B-4322-8CCC-39E4EC9BA4FB}
		{45B2A96A-79D9-4E3B-B4B7-A6F784743A07} = {5536816B-B722-4B81-B781-EB2FCF7267BF}
	EndGlobalSection
	GlobalSection(ProjectConfigurationPlatforms) = postSolution
		{EABA4888-E6C1-4ACC-856E-FBD34CEA3EDB}.Debug|Any CPU.ActiveCfg = Debug|Any CPU
		{EABA4888-E6C1-4ACC-856E-FBD34CEA3EDB}.Debug|Any CPU.Build.0 = Debug|Any CPU
		{EABA4888-E6C1-4ACC-856E-FBD34CEA3EDB}.Release|Any CPU.ActiveCfg = Release|Any CPU
		{EABA4888-E6C1-4ACC-856E-FBD34CEA3EDB}.Release|Any CPU.Build.0 = Release|Any CPU
		{4CA1BCBB-A6F3-4ED0-9E5F-849FF093EDE1}.Debug|Any CPU.ActiveCfg = Debug|Any CPU
		{4CA1BCBB-A6F3-4ED0-9E5F-849FF093EDE1}.Debug|Any CPU.Build.0 = Debug|Any CPU
		{4CA1BCBB-A6F3-4ED0-9E5F-849FF093EDE1}.Release|Any CPU.ActiveCfg = Release|Any CPU
		{4CA1BCBB-A6F3-4ED0-9E5F-849FF093EDE1}.Release|Any CPU.Build.0 = Release|Any CPU
		{433B9342-A6BF-4194-8F08-727AADAE7504}.Debug|Any CPU.ActiveCfg = Debug|Any CPU
		{433B9342-A6BF-4194-8F08-727AADAE7504}.Debug|Any CPU.Build.0 = Debug|Any CPU
		{433B9342-A6BF-4194-8F08-727AADAE7504}.Release|Any CPU.ActiveCfg = Release|Any CPU
		{433B9342-A6BF-4194-8F08-727AADAE7504}.Release|Any CPU.Build.0 = Release|Any CPU
		{43B4CD48-18D5-4EDE-80CB-86460F4C64CB}.Debug|Any CPU.ActiveCfg = Debug|Any CPU
		{43B4CD48-18D5-4EDE-80CB-86460F4C64CB}.Debug|Any CPU.Build.0 = Debug|Any CPU
		{43B4CD48-18D5-4EDE-80CB-86460F4C64CB}.Release|Any CPU.ActiveCfg = Release|Any CPU
		{43B4CD48-18D5-4EDE-80CB-86460F4C64CB}.Release|Any CPU.Build.0 = Release|Any CPU
		{A53D3DBD-FA2D-47B4-90A9-B44AF07ADE71}.Debug|Any CPU.ActiveCfg = Debug|Any CPU
		{A53D3DBD-FA2D-47B4-90A9-B44AF07ADE71}.Debug|Any CPU.Build.0 = Debug|Any CPU
		{A53D3DBD-FA2D-47B4-90A9-B44AF07ADE71}.Release|Any CPU.ActiveCfg = Release|Any CPU
		{A53D3DBD-FA2D-47B4-90A9-B44AF07ADE71}.Release|Any CPU.Build.0 = Release|Any CPU
		{25D0E1F0-760B-4E76-B0D9-3EF274B35AF6}.Debug|Any CPU.ActiveCfg = Debug|Any CPU
		{25D0E1F0-760B-4E76-B0D9-3EF274B35AF6}.Debug|Any CPU.Build.0 = Debug|Any CPU
		{25D0E1F0-760B-4E76-B0D9-3EF274B35AF6}.Release|Any CPU.ActiveCfg = Release|Any CPU
		{25D0E1F0-760B-4E76-B0D9-3EF274B35AF6}.Release|Any CPU.Build.0 = Release|Any CPU
		{7E5E46DB-EF55-47E6-822A-6AE20BF2FCD9}.Debug|Any CPU.ActiveCfg = Debug|Any CPU
		{7E5E46DB-EF55-47E6-822A-6AE20BF2FCD9}.Debug|Any CPU.Build.0 = Debug|Any CPU
		{7E5E46DB-EF55-47E6-822A-6AE20BF2FCD9}.Release|Any CPU.ActiveCfg = Release|Any CPU
		{7E5E46DB-EF55-47E6-822A-6AE20BF2FCD9}.Release|Any CPU.Build.0 = Release|Any CPU
		{17689E4A-FE4F-4893-8E28-3BA911DEC8D8}.Debug|Any CPU.ActiveCfg = Debug|Any CPU
		{17689E4A-FE4F-4893-8E28-3BA911DEC8D8}.Debug|Any CPU.Build.0 = Debug|Any CPU
		{17689E4A-FE4F-4893-8E28-3BA911DEC8D8}.Release|Any CPU.ActiveCfg = Release|Any CPU
		{17689E4A-FE4F-4893-8E28-3BA911DEC8D8}.Release|Any CPU.Build.0 = Release|Any CPU
		{FA627A62-AD7A-4A72-B15C-EC8AEFD206DB}.Debug|Any CPU.ActiveCfg = Debug|Any CPU
		{FA627A62-AD7A-4A72-B15C-EC8AEFD206DB}.Debug|Any CPU.Build.0 = Debug|Any CPU
		{FA627A62-AD7A-4A72-B15C-EC8AEFD206DB}.Release|Any CPU.ActiveCfg = Release|Any CPU
		{FA627A62-AD7A-4A72-B15C-EC8AEFD206DB}.Release|Any CPU.Build.0 = Release|Any CPU
		{E78B9F06-62B5-4974-A125-565EE1B57453}.Debug|Any CPU.ActiveCfg = Debug|Any CPU
		{E78B9F06-62B5-4974-A125-565EE1B57453}.Debug|Any CPU.Build.0 = Debug|Any CPU
		{E78B9F06-62B5-4974-A125-565EE1B57453}.Release|Any CPU.ActiveCfg = Release|Any CPU
		{E78B9F06-62B5-4974-A125-565EE1B57453}.Release|Any CPU.Build.0 = Release|Any CPU
		{978F0373-8AA4-4E5E-AB18-BFA01B3B42D4}.Debug|Any CPU.ActiveCfg = Debug|Any CPU
		{978F0373-8AA4-4E5E-AB18-BFA01B3B42D4}.Debug|Any CPU.Build.0 = Debug|Any CPU
		{978F0373-8AA4-4E5E-AB18-BFA01B3B42D4}.Release|Any CPU.ActiveCfg = Release|Any CPU
		{978F0373-8AA4-4E5E-AB18-BFA01B3B42D4}.Release|Any CPU.Build.0 = Release|Any CPU
		{01C31606-2450-47AA-A855-AE2781B9E700}.Debug|Any CPU.ActiveCfg = Debug|Any CPU
		{01C31606-2450-47AA-A855-AE2781B9E700}.Debug|Any CPU.Build.0 = Debug|Any CPU
		{01C31606-2450-47AA-A855-AE2781B9E700}.Release|Any CPU.ActiveCfg = Release|Any CPU
		{01C31606-2450-47AA-A855-AE2781B9E700}.Release|Any CPU.Build.0 = Release|Any CPU
		{7651A294-9044-4F36-BF9C-85E1DC9780C6}.Debug|Any CPU.ActiveCfg = Debug|Any CPU
		{7651A294-9044-4F36-BF9C-85E1DC9780C6}.Debug|Any CPU.Build.0 = Debug|Any CPU
		{7651A294-9044-4F36-BF9C-85E1DC9780C6}.Release|Any CPU.ActiveCfg = Release|Any CPU
		{7651A294-9044-4F36-BF9C-85E1DC9780C6}.Release|Any CPU.Build.0 = Release|Any CPU
		{790E59F9-EAAC-40F5-9E61-5C4CEAD88C2A}.Debug|Any CPU.ActiveCfg = Debug|Any CPU
		{790E59F9-EAAC-40F5-9E61-5C4CEAD88C2A}.Debug|Any CPU.Build.0 = Debug|Any CPU
		{790E59F9-EAAC-40F5-9E61-5C4CEAD88C2A}.Release|Any CPU.ActiveCfg = Release|Any CPU
		{790E59F9-EAAC-40F5-9E61-5C4CEAD88C2A}.Release|Any CPU.Build.0 = Release|Any CPU
		{A7D6D6CA-973A-40D2-85CE-638F6098C30E}.Debug|Any CPU.ActiveCfg = Debug|Any CPU
		{A7D6D6CA-973A-40D2-85CE-638F6098C30E}.Debug|Any CPU.Build.0 = Debug|Any CPU
		{A7D6D6CA-973A-40D2-85CE-638F6098C30E}.Release|Any CPU.ActiveCfg = Release|Any CPU
		{A7D6D6CA-973A-40D2-85CE-638F6098C30E}.Release|Any CPU.Build.0 = Release|Any CPU
		{45B2A96A-79D9-4E3B-B4B7-A6F784743A07}.Debug|Any CPU.ActiveCfg = Debug|Any CPU
		{45B2A96A-79D9-4E3B-B4B7-A6F784743A07}.Debug|Any CPU.Build.0 = Debug|Any CPU
		{45B2A96A-79D9-4E3B-B4B7-A6F784743A07}.Release|Any CPU.ActiveCfg = Release|Any CPU
		{45B2A96A-79D9-4E3B-B4B7-A6F784743A07}.Release|Any CPU.Build.0 = Release|Any CPU
	EndGlobalSection
EndGlobal
